
Microsoft Visual Studio Solution File, Format Version 12.00
# Visual Studio Version 17
VisualStudioVersion = 17.1.32210.238
MinimumVisualStudioVersion = 10.0.40219.1
Project("{FAE04EC0-301F-11D3-BF4B-00C04F79EFBC}") = "SistemaEscolar.Entidades", "src\SistemaEscolar.Entidades\SistemaEscolar.Entidades.csproj", "{4183A564-C4FE-48CF-9C9F-6FFC359C1272}"
EndProject
Project("{FAE04EC0-301F-11D3-BF4B-00C04F79EFBC}") = "SistemaEscolar.Console", "src\SistemaEscolar.Console\SistemaEscolar.Console.csproj", "{DAEDC2B2-C4AA-4C9F-B72A-5256068FA862}"
EndProject
Global
	GlobalSection(SolutionConfigurationPlatforms) = preSolution
		Debug|Any CPU = Debug|Any CPU
		Release|Any CPU = Release|Any CPU
	EndGlobalSection
	GlobalSection(ProjectConfigurationPlatforms) = postSolution
		{4183A564-C4FE-48CF-9C9F-6FFC359C1272}.Debug|Any CPU.ActiveCfg = Debug|Any CPU
		{4183A564-C4FE-48CF-9C9F-6FFC359C1272}.Debug|Any CPU.Build.0 = Debug|Any CPU
		{4183A564-C4FE-48CF-9C9F-6FFC359C1272}.Release|Any CPU.ActiveCfg = Release|Any CPU
		{4183A564-C4FE-48CF-9C9F-6FFC359C1272}.Release|Any CPU.Build.0 = Release|Any CPU
		{DAEDC2B2-C4AA-4C9F-B72A-5256068FA862}.Debug|Any CPU.ActiveCfg = Debug|Any CPU
		{DAEDC2B2-C4AA-4C9F-B72A-5256068FA862}.Debug|Any CPU.Build.0 = Debug|Any CPU
		{DAEDC2B2-C4AA-4C9F-B72A-5256068FA862}.Release|Any CPU.ActiveCfg = Release|Any CPU
		{DAEDC2B2-C4AA-4C9F-B72A-5256068FA862}.Release|Any CPU.Build.0 = Release|Any CPU
	EndGlobalSection
	GlobalSection(SolutionProperties) = preSolution
		HideSolutionNode = FALSE
	EndGlobalSection
	GlobalSection(ExtensibilityGlobals) = postSolution
		SolutionGuid = {60CA6E71-F5C6-42C5-9E02-68BE32EFC352}
	EndGlobalSection
EndGlobal
